# THIS IS AN AUTOGENERATED FILE. DO NOT EDIT THIS FILE DIRECTLY.
# yarn lockfile v1


"@babel/polyfill@^7.0.0-rc.1":
  version "7.0.0-rc.2"
  resolved "http://registry.npm.taobao.org/@babel/polyfill/download/@babel/polyfill-7.0.0-rc.2.tgz#d0141441713bb0c5fda170b5abddcfd219e055d6"
  dependencies:
    core-js "^2.5.7"
    regenerator-runtime "^0.11.1"

ansi-regex@^2.0.0:
  version "2.1.1"
  resolved "http://registry.npm.taobao.org/ansi-regex/download/ansi-regex-2.1.1.tgz#c3b33ab5ee360d86e0e628f0468ae7ef27d654df"

ansi-regex@^3.0.0:
  version "3.0.0"
  resolved "http://registry.npm.taobao.org/ansi-regex/download/ansi-regex-3.0.0.tgz#ed0317c322064f79466c02966bddb605ab37d998"

any-base@^1.1.0:
  version "1.1.0"
  resolved "http://registry.npm.taobao.org/any-base/download/any-base-1.1.0.tgz#ae101a62bc08a597b4c9ab5b7089d456630549fe"

aproba@^1.0.3:
  version "1.2.0"
  resolved "http://registry.npm.taobao.org/aproba/download/aproba-1.2.0.tgz#6802e6264efd18c790a1b0d517f0f2627bf2c94a"

are-we-there-yet@~1.1.2:
  version "1.1.5"
  resolved "http://registry.npm.taobao.org/are-we-there-yet/download/are-we-there-yet-1.1.5.tgz#4b35c2944f062a8bfcda66410760350fe9ddfc21"
  dependencies:
    delegates "^1.0.0"
    readable-stream "^2.0.6"

base64-js@^1.0.2:
  version "1.3.0"
  resolved "http://registry.npm.taobao.org/base64-js/download/base64-js-1.3.0.tgz#cab1e6118f051095e58b5281aea8c1cd22bfc0e3"

bl@^1.0.0:
  version "1.2.2"
  resolved "http://registry.npm.taobao.org/bl/download/bl-1.2.2.tgz#a160911717103c07410cef63ef51b397c025af9c"
  dependencies:
    readable-stream "^2.3.5"
    safe-buffer "^5.1.1"

bmp-js@0.1.0:
  version "0.1.0"
  resolved "http://registry.npm.taobao.org/bmp-js/download/bmp-js-0.1.0.tgz#e05a63f796a6c1ff25f4771ec7adadc148c07233"

buffer-alloc-unsafe@^1.1.0:
  version "1.1.0"
  resolved "http://registry.npm.taobao.org/buffer-alloc-unsafe/download/buffer-alloc-unsafe-1.1.0.tgz#bd7dc26ae2972d0eda253be061dba992349c19f0"

buffer-alloc@^1.1.0:
  version "1.2.0"
  resolved "http://registry.npm.taobao.org/buffer-alloc/download/buffer-alloc-1.2.0.tgz#890dd90d923a873e08e10e5fd51a57e5b7cce0ec"
  dependencies:
    buffer-alloc-unsafe "^1.1.0"
    buffer-fill "^1.0.0"

buffer-equal@0.0.1:
  version "0.0.1"
  resolved "http://registry.npm.taobao.org/buffer-equal/download/buffer-equal-0.0.1.tgz#91bc74b11ea405bc916bc6aa908faafa5b4aac4b"

buffer-fill@^1.0.0:
  version "1.0.0"
  resolved "http://registry.npm.taobao.org/buffer-fill/download/buffer-fill-1.0.0.tgz#f8f78b76789888ef39f205cd637f68e702122b2c"

buffer@^5.2.0:
  version "5.2.0"
  resolved "http://registry.npm.taobao.org/buffer/download/buffer-5.2.0.tgz#53cf98241100099e9eeae20ee6d51d21b16e541e"
  dependencies:
    base64-js "^1.0.2"
    ieee754 "^1.1.4"

chownr@^1.0.1:
  version "1.0.1"
  resolved "http://registry.npm.taobao.org/chownr/download/chownr-1.0.1.tgz#e2a75042a9551908bebd25b8523d5f9769d79181"

code-point-at@^1.0.0:
  version "1.1.0"
  resolved "http://registry.npm.taobao.org/code-point-at/download/code-point-at-1.1.0.tgz#0d070b4d043a5bea33a2f1a40e2edb3d9a4ccf77"

console-control-strings@^1.0.0, console-control-strings@~1.1.0:
  version "1.1.0"
  resolved "http://registry.npm.taobao.org/console-control-strings/download/console-control-strings-1.1.0.tgz#3d7cf4464db6446ea644bf4b39507f9851008e8e"

core-js@^2.5.7:
  version "2.5.7"
  resolved "http://registry.npm.taobao.org/core-js/download/core-js-2.5.7.tgz#f972608ff0cead68b841a16a932d0b183791814e"

core-util-is@~1.0.0:
  version "1.0.2"
  resolved "http://registry.npm.taobao.org/core-util-is/download/core-util-is-1.0.2.tgz#b5fd54220aa2bc5ab57aab7140c940754503c1a7"

cross-spawn@^6.0.0:
  version "6.0.5"
  resolved "http://registry.npm.taobao.org/cross-spawn/download/cross-spawn-6.0.5.tgz#4a5ec7c64dfae22c3a14124dbacdee846d80cbc4"
  dependencies:
    nice-try "^1.0.4"
    path-key "^2.0.1"
    semver "^5.5.0"
    shebang-command "^1.2.0"
    which "^1.2.9"

decompress-response@^3.3.0:
  version "3.3.0"
  resolved "http://registry.npm.taobao.org/decompress-response/download/decompress-response-3.3.0.tgz#80a4dd323748384bfa248083622aedec982adff3"
  dependencies:
    mimic-response "^1.0.0"

deep-extend@^0.6.0:
  version "0.6.0"
  resolved "http://registry.npm.taobao.org/deep-extend/download/deep-extend-0.6.0.tgz#c4fa7c95404a17a9c3e8ca7e1537312b736330ac"

delegates@^1.0.0:
  version "1.0.0"
  resolved "http://registry.npm.taobao.org/delegates/download/delegates-1.0.0.tgz#84c6e159b81904fdca59a0ef44cd870d31250f9a"

detect-libc@^1.0.3:
  version "1.0.3"
  resolved "http://registry.npm.taobao.org/detect-libc/download/detect-libc-1.0.3.tgz#fa137c4bd698edf55cd5cd02ac559f91a4c4ba9b"

dom-walk@^0.1.0:
  version "0.1.1"
  resolved "http://registry.npm.taobao.org/dom-walk/download/dom-walk-0.1.1.tgz#672226dc74c8f799ad35307df936aba11acd6018"

end-of-stream@^1.0.0, end-of-stream@^1.1.0:
  version "1.4.1"
  resolved "http://registry.npm.taobao.org/end-of-stream/download/end-of-stream-1.4.1.tgz#ed29634d19baba463b6ce6b80a37213eab71ec43"
  dependencies:
    once "^1.4.0"

execa@^0.10.0:
  version "0.10.0"
  resolved "http://registry.npm.taobao.org/execa/download/execa-0.10.0.tgz#ff456a8f53f90f8eccc71a96d11bdfc7f082cb50"
  dependencies:
    cross-spawn "^6.0.0"
    get-stream "^3.0.0"
    is-stream "^1.1.0"
    npm-run-path "^2.0.0"
    p-finally "^1.0.0"
    signal-exit "^3.0.0"
    strip-eof "^1.0.0"

exif-parser@^0.1.12:
  version "0.1.12"
  resolved "http://registry.npm.taobao.org/exif-parser/download/exif-parser-0.1.12.tgz#58a9d2d72c02c1f6f02a0ef4a9166272b7760922"

expand-template@^1.0.2:
  version "1.1.1"
  resolved "http://registry.npm.taobao.org/expand-template/download/expand-template-1.1.1.tgz#981f188c0c3a87d2e28f559bc541426ff94f21dd"

file-type@^9.0.0:
  version "9.0.0"
  resolved "http://registry.npm.taobao.org/file-type/download/file-type-9.0.0.tgz#a68d5ad07f486414dfb2c8866f73161946714a18"

for-each@^0.3.2:
  version "0.3.3"
  resolved "http://registry.npm.taobao.org/for-each/download/for-each-0.3.3.tgz#69b447e88a0a5d32c3e7084f3f1710034b21376e"
  dependencies:
    is-callable "^1.1.3"

fs-constants@^1.0.0:
  version "1.0.0"
  resolved "http://registry.npm.taobao.org/fs-constants/download/fs-constants-1.0.0.tgz#6be0de9be998ce16af8afc24497b9ee9b7ccd9ad"

gauge@~2.7.3:
  version "2.7.4"
  resolved "http://registry.npm.taobao.org/gauge/download/gauge-2.7.4.tgz#2c03405c7538c39d7eb37b317022e325fb018bf7"
  dependencies:
    aproba "^1.0.3"
    console-control-strings "^1.0.0"
    has-unicode "^2.0.0"
    object-assign "^4.1.0"
    signal-exit "^3.0.0"
    string-width "^1.0.1"
    strip-ansi "^3.0.1"
    wide-align "^1.1.0"

get-stream@^3.0.0:
  version "3.0.0"
  resolved "http://registry.npm.taobao.org/get-stream/download/get-stream-3.0.0.tgz#8e943d1358dc37555054ecbe2edb05aa174ede14"

github-from-package@0.0.0:
  version "0.0.0"
  resolved "http://registry.npm.taobao.org/github-from-package/download/github-from-package-0.0.0.tgz#97fb5d96bfde8973313f20e8288ef9a167fa64ce"

global@~4.3.0:
  version "4.3.2"
  resolved "http://registry.npm.taobao.org/global/download/global-4.3.2.tgz#e76989268a6c74c38908b1305b10fc0e394e9d0f"
  dependencies:
    min-document "^2.19.0"
    process "~0.5.1"

has-unicode@^2.0.0:
  version "2.0.1"
  resolved "http://registry.npm.taobao.org/has-unicode/download/has-unicode-2.0.1.tgz#e0e6fe6a28cf51138855e086d1691e771de2a8b9"

ieee754@^1.1.4:
  version "1.1.12"
  resolved "http://registry.npm.taobao.org/ieee754/download/ieee754-1.1.12.tgz#50bf24e5b9c8bb98af4964c941cdb0918da7b60b"

inherits@~2.0.3:
  version "2.0.3"
  resolved "http://registry.npm.taobao.org/inherits/download/inherits-2.0.3.tgz#633c2c83e3da42a502f52466022480f4208261de"

ini@~1.3.0:
  version "1.3.5"
  resolved "http://registry.npm.taobao.org/ini/download/ini-1.3.5.tgz#eee25f56db1c9ec6085e0c22778083f596abf927"

is-callable@^1.1.3:
  version "1.1.4"
  resolved "http://registry.npm.taobao.org/is-callable/download/is-callable-1.1.4.tgz#1e1adf219e1eeb684d691f9d6a05ff0d30a24d75"

is-fullwidth-code-point@^1.0.0:
  version "1.0.0"
  resolved "http://registry.npm.taobao.org/is-fullwidth-code-point/download/is-fullwidth-code-point-1.0.0.tgz#ef9e31386f031a7f0d643af82fde50c457ef00cb"
  dependencies:
    number-is-nan "^1.0.0"

is-fullwidth-code-point@^2.0.0:
  version "2.0.0"
  resolved "http://registry.npm.taobao.org/is-fullwidth-code-point/download/is-fullwidth-code-point-2.0.0.tgz#a3b30a5c4f199183167aaab93beefae3ddfb654f"

is-function@^1.0.1:
  version "1.0.1"
  resolved "http://registry.npm.taobao.org/is-function/download/is-function-1.0.1.tgz#12cfb98b65b57dd3d193a3121f5f6e2f437602b5"

is-stream@^1.1.0:
  version "1.1.0"
  resolved "http://registry.npm.taobao.org/is-stream/download/is-stream-1.1.0.tgz#12d4a3dd4e68e0b79ceb8dbc84173ae80d91ca44"

isarray@~1.0.0:
  version "1.0.0"
  resolved "http://registry.npm.taobao.org/isarray/download/isarray-1.0.0.tgz#bb935d48582cba168c06834957a54a3e07124f11"

isexe@^2.0.0:
  version "2.0.0"
  resolved "http://registry.npm.taobao.org/isexe/download/isexe-2.0.0.tgz#e8fbf374dc556ff8947a10dcb0572d633f2cfa10"

jimp@^0.3.5:
  version "0.3.5"
  resolved "http://registry.npm.taobao.org/jimp/download/jimp-0.3.5.tgz#299a3648d306ca114cc302f7df53eebc4d6b8af6"
  dependencies:
    "@babel/polyfill" "^7.0.0-rc.1"
    any-base "^1.1.0"
    bmp-js "0.1.0"
    buffer "^5.2.0"
    exif-parser "^0.1.12"
    file-type "^9.0.0"
    jpeg-js "^0.3.4"
    load-bmfont "^1.3.0"
    mkdirp "0.5.1"
    omggif "^1.0.9"
    phin "^2.9.1"
    pixelmatch "^4.0.2"
    pngjs "^3.3.3"
    tinycolor2 "^1.4.1"
    utif "^2.0.0"

jpeg-js@^0.3.4:
  version "0.3.4"
  resolved "http://registry.npm.taobao.org/jpeg-js/download/jpeg-js-0.3.4.tgz#dc2ba501ee3d58b7bb893c5d1fab47294917e7e7"

"jpgjs@github:makr28/jpgjs":
  version "1.0.0"
  resolved "https://codeload.github.com/makr28/jpgjs/tar.gz/c83f107ad725b476a3441d20680a02590d8752cc"

load-bmfont@^1.3.0:
  version "1.3.1"
  resolved "http://registry.npm.taobao.org/load-bmfont/download/load-bmfont-1.3.1.tgz#0e7933f66543409882127b0d0fbad7a66d5a7869"
  dependencies:
    buffer-equal "0.0.1"
    mime "^1.3.4"
    parse-bmfont-ascii "^1.0.3"
    parse-bmfont-binary "^1.0.5"
    parse-bmfont-xml "^1.1.4"
    xhr "^2.0.1"
    xtend "^4.0.0"

mime@^1.3.4:
  version "1.6.0"
  resolved "http://registry.npm.taobao.org/mime/download/mime-1.6.0.tgz#32cd9e5c64553bd58d19a568af452acff04981b1"

mimic-response@^1.0.0:
  version "1.0.1"
  resolved "http://registry.npm.taobao.org/mimic-response/download/mimic-response-1.0.1.tgz#4923538878eef42063cb8a3e3b0798781487ab1b"

min-document@^2.19.0:
  version "2.19.0"
  resolved "http://registry.npm.taobao.org/min-document/download/min-document-2.19.0.tgz#7bd282e3f5842ed295bb748cdd9f1ffa2c824685"
  dependencies:
    dom-walk "^0.1.0"

minimist@0.0.8:
  version "0.0.8"
  resolved "http://registry.npm.taobao.org/minimist/download/minimist-0.0.8.tgz#857fcabfc3397d2625b8228262e86aa7a011b05d"

minimist@^1.2.0:
  version "1.2.0"
  resolved "http://registry.npm.taobao.org/minimist/download/minimist-1.2.0.tgz#a35008b20f41383eec1fb914f4cd5df79a264284"

mkdirp@0.5.1, mkdirp@^0.5.1:
  version "0.5.1"
  resolved "http://registry.npm.taobao.org/mkdirp/download/mkdirp-0.5.1.tgz#30057438eac6cf7f8c4767f38648d6697d75c903"
  dependencies:
    minimist "0.0.8"

nan@^2.2.1:
  version "2.10.0"
  resolved "http://registry.npm.taobao.org/nan/download/nan-2.10.0.tgz#96d0cd610ebd58d4b4de9cc0c6828cda99c7548f"

nice-try@^1.0.4:
  version "1.0.4"
  resolved "http://registry.npm.taobao.org/nice-try/download/nice-try-1.0.4.tgz#d93962f6c52f2c1558c0fbda6d512819f1efe1c4"

node-abi@^2.2.0:
  version "2.4.3"
  resolved "http://registry.npm.taobao.org/node-abi/download/node-abi-2.4.3.tgz#43666b7b17e57863e572409edbb82115ac7af28b"
  dependencies:
    semver "^5.4.1"

noop-logger@^0.1.1:
  version "0.1.1"
  resolved "http://registry.npm.taobao.org/noop-logger/download/noop-logger-0.1.1.tgz#94a2b1633c4f1317553007d8966fd0e841b6a4c2"

npm-run-path@^2.0.0:
  version "2.0.2"
  resolved "http://registry.npm.taobao.org/npm-run-path/download/npm-run-path-2.0.2.tgz#35a9232dfa35d7067b4cb2ddf2357b1871536c5f"
  dependencies:
    path-key "^2.0.0"

npmlog@^4.0.1:
  version "4.1.2"
  resolved "http://registry.npm.taobao.org/npmlog/download/npmlog-4.1.2.tgz#08a7f2a8bf734604779a9efa4ad5cc717abb954b"
  dependencies:
    are-we-there-yet "~1.1.2"
    console-control-strings "~1.1.0"
    gauge "~2.7.3"
    set-blocking "~2.0.0"

number-is-nan@^1.0.0:
  version "1.0.1"
  resolved "http://registry.npm.taobao.org/number-is-nan/download/number-is-nan-1.0.1.tgz#097b602b53422a522c1afb8790318336941a011d"

object-assign@^4.1.0:
  version "4.1.1"
  resolved "http://registry.npm.taobao.org/object-assign/download/object-assign-4.1.1.tgz#2109adc7965887cfc05cbbd442cac8bfbb360863"

omggif@^1.0.9:
  version "1.0.9"
  resolved "http://registry.npm.taobao.org/omggif/download/omggif-1.0.9.tgz#dcb7024dacd50c52b4d303f04802c91c057c765f"

once@^1.3.1, once@^1.4.0:
  version "1.4.0"
  resolved "http://registry.npm.taobao.org/once/download/once-1.4.0.tgz#583b1aa775961d4b113ac17d9c50baef9dd76bd1"
  dependencies:
    wrappy "1"

os-homedir@^1.0.1:
  version "1.0.2"
  resolved "http://registry.npm.taobao.org/os-homedir/download/os-homedir-1.0.2.tgz#ffbc4988336e0e833de0c168c7ef152121aa7fb3"

p-finally@^1.0.0:
  version "1.0.0"
  resolved "http://registry.npm.taobao.org/p-finally/download/p-finally-1.0.0.tgz#3fbcfb15b899a44123b34b6dcc18b724336a2cae"

pako@^1.0.5:
  version "1.0.6"
  resolved "http://registry.npm.taobao.org/pako/download/pako-1.0.6.tgz#0101211baa70c4bca4a0f63f2206e97b7dfaf258"

parse-bmfont-ascii@^1.0.3:
  version "1.0.6"
  resolved "http://registry.npm.taobao.org/parse-bmfont-ascii/download/parse-bmfont-ascii-1.0.6.tgz#11ac3c3ff58f7c2020ab22769079108d4dfa0285"

parse-bmfont-binary@^1.0.5:
  version "1.0.6"
  resolved "http://registry.npm.taobao.org/parse-bmfont-binary/download/parse-bmfont-binary-1.0.6.tgz#d038b476d3e9dd9db1e11a0b0e53a22792b69006"

parse-bmfont-xml@^1.1.4:
  version "1.1.4"
  resolved "http://registry.npm.taobao.org/parse-bmfont-xml/download/parse-bmfont-xml-1.1.4.tgz#015319797e3e12f9e739c4d513872cd2fa35f389"
  dependencies:
    xml-parse-from-string "^1.0.0"
    xml2js "^0.4.5"

parse-headers@^2.0.0:
  version "2.0.1"
  resolved "http://registry.npm.taobao.org/parse-headers/download/parse-headers-2.0.1.tgz#6ae83a7aa25a9d9b700acc28698cd1f1ed7e9536"
  dependencies:
    for-each "^0.3.2"
    trim "0.0.1"

path-key@^2.0.0, path-key@^2.0.1:
  version "2.0.1"
  resolved "http://registry.npm.taobao.org/path-key/download/path-key-2.0.1.tgz#411cadb574c5a140d3a4b1910d40d80cc9f40b40"

phin@^2.9.1:
  version "2.9.1"
  resolved "http://registry.npm.taobao.org/phin/download/phin-2.9.1.tgz#0de9059b1a9bd56fcb1bd8a374344a06f25f1901"

pixelmatch@^4.0.2:
  version "4.0.2"
  resolved "http://registry.npm.taobao.org/pixelmatch/download/pixelmatch-4.0.2.tgz#8f47dcec5011b477b67db03c243bc1f3085e8854"
  dependencies:
    pngjs "^3.0.0"

pngjs@^3.0.0, pngjs@^3.3.3:
  version "3.3.3"
  resolved "http://registry.npm.taobao.org/pngjs/download/pngjs-3.3.3.tgz#85173703bde3edac8998757b96e5821d0966a21b"

prebuild-install@^2.1.1:
  version "2.5.3"
  resolved "http://registry.npm.taobao.org/prebuild-install/download/prebuild-install-2.5.3.tgz#9f65f242782d370296353710e9bc843490c19f69"
  dependencies:
    detect-libc "^1.0.3"
    expand-template "^1.0.2"
    github-from-package "0.0.0"
    minimist "^1.2.0"
    mkdirp "^0.5.1"
    node-abi "^2.2.0"
    noop-logger "^0.1.1"
    npmlog "^4.0.1"
    os-homedir "^1.0.1"
    pump "^2.0.1"
    rc "^1.1.6"
    simple-get "^2.7.0"
    tar-fs "^1.13.0"
    tunnel-agent "^0.6.0"
    which-pm-runs "^1.0.0"

process-nextick-args@~2.0.0:
  version "2.0.0"
  resolved "http://registry.npm.taobao.org/process-nextick-args/download/process-nextick-args-2.0.0.tgz#a37d732f4271b4ab1ad070d35508e8290788ffaa"

process@~0.5.1:
  version "0.5.2"
  resolved "http://registry.npm.taobao.org/process/download/process-0.5.2.tgz#1638d8a8e34c2f440a91db95ab9aeb677fc185cf"

pump@^1.0.0:
  version "1.0.3"
  resolved "http://registry.npm.taobao.org/pump/download/pump-1.0.3.tgz#5dfe8311c33bbf6fc18261f9f34702c47c08a954"
  dependencies:
    end-of-stream "^1.1.0"
    once "^1.3.1"

pump@^2.0.1:
  version "2.0.1"
  resolved "http://registry.npm.taobao.org/pump/download/pump-2.0.1.tgz#12399add6e4cf7526d973cbc8b5ce2e2908b3909"
  dependencies:
    end-of-stream "^1.1.0"
    once "^1.3.1"

rc@^1.1.6:
  version "1.2.8"
  resolved "http://registry.npm.taobao.org/rc/download/rc-1.2.8.tgz#cd924bf5200a075b83c188cd6b9e211b7fc0d3ed"
  dependencies:
    deep-extend "^0.6.0"
    ini "~1.3.0"
    minimist "^1.2.0"
    strip-json-comments "~2.0.1"

readable-stream@^2.0.6, readable-stream@^2.3.0, readable-stream@^2.3.5:
  version "2.3.6"
  resolved "http://registry.npm.taobao.org/readable-stream/download/readable-stream-2.3.6.tgz#b11c27d88b8ff1fbe070643cf94b0c79ae1b0aaf"
  dependencies:
    core-util-is "~1.0.0"
    inherits "~2.0.3"
    isarray "~1.0.0"
    process-nextick-args "~2.0.0"
    safe-buffer "~5.1.1"
    string_decoder "~1.1.1"
    util-deprecate "~1.0.1"

regenerator-runtime@^0.11.1:
  version "0.11.1"
  resolved "http://registry.npm.taobao.org/regenerator-runtime/download/regenerator-runtime-0.11.1.tgz#be05ad7f9bf7d22e056f9726cee5017fbf19e2e9"

robotjs@^0.5.1:
  version "0.5.1"
  resolved "http://registry.npm.taobao.org/robotjs/download/robotjs-0.5.1.tgz#75ada2fea6ecb1d3a8ac6a7f81baea2c86f8db57"
  dependencies:
    nan "^2.2.1"
    prebuild-install "^2.1.1"

run-applescript@^3.2.0:
  version "3.2.0"
  resolved "http://registry.npm.taobao.org/run-applescript/download/run-applescript-3.2.0.tgz#73fb34ce85d3de8076d511ea767c30d4fdfc918b"
  dependencies:
    execa "^0.10.0"

safe-buffer@^5.0.1, safe-buffer@^5.1.1, safe-buffer@~5.1.0, safe-buffer@~5.1.1:
  version "5.1.2"
  resolved "http://registry.npm.taobao.org/safe-buffer/download/safe-buffer-5.1.2.tgz#991ec69d296e0313747d59bdfd2b745c35f8828d"

sax@>=0.6.0:
  version "1.2.4"
  resolved "http://registry.npm.taobao.org/sax/download/sax-1.2.4.tgz#2816234e2378bddc4e5354fab5caa895df7100d9"

semver@^5.4.1, semver@^5.5.0:
  version "5.5.1"
  resolved "http://registry.npm.taobao.org/semver/download/semver-5.5.1.tgz#7dfdd8814bdb7cabc7be0fb1d734cfb66c940477"

set-blocking@~2.0.0:
  version "2.0.0"
  resolved "http://registry.npm.taobao.org/set-blocking/download/set-blocking-2.0.0.tgz#045f9782d011ae9a6803ddd382b24392b3d890f7"

shebang-command@^1.2.0:
  version "1.2.0"
  resolved "http://registry.npm.taobao.org/shebang-command/download/shebang-command-1.2.0.tgz#44aac65b695b03398968c39f363fee5deafdf1ea"
  dependencies:
    shebang-regex "^1.0.0"

shebang-regex@^1.0.0:
  version "1.0.0"
  resolved "http://registry.npm.taobao.org/shebang-regex/download/shebang-regex-1.0.0.tgz#da42f49740c0b42db2ca9728571cb190c98efea3"

signal-exit@^3.0.0:
  version "3.0.2"
  resolved "http://registry.npm.taobao.org/signal-exit/download/signal-exit-3.0.2.tgz#b5fdc08f1287ea1178628e415e25132b73646c6d"

simple-concat@^1.0.0:
  version "1.0.0"
  resolved "http://registry.npm.taobao.org/simple-concat/download/simple-concat-1.0.0.tgz#7344cbb8b6e26fb27d66b2fc86f9f6d5997521c6"

simple-get@^2.7.0:
  version "2.8.1"
  resolved "http://registry.npm.taobao.org/simple-get/download/simple-get-2.8.1.tgz#0e22e91d4575d87620620bc91308d57a77f44b5d"
  dependencies:
    decompress-response "^3.3.0"
    once "^1.3.1"
    simple-concat "^1.0.0"

string-width@^1.0.1:
  version "1.0.2"
  resolved "http://registry.npm.taobao.org/string-width/download/string-width-1.0.2.tgz#118bdf5b8cdc51a2a7e70d211e07e2b0b9b107d3"
  dependencies:
    code-point-at "^1.0.0"
    is-fullwidth-code-point "^1.0.0"
    strip-ansi "^3.0.0"

"string-width@^1.0.2 || 2":
  version "2.1.1"
  resolved "http://registry.npm.taobao.org/string-width/download/string-width-2.1.1.tgz#ab93f27a8dc13d28cac815c462143a6d9012ae9e"
  dependencies:
    is-fullwidth-code-point "^2.0.0"
    strip-ansi "^4.0.0"

string_decoder@~1.1.1:
  version "1.1.1"
  resolved "http://registry.npm.taobao.org/string_decoder/download/string_decoder-1.1.1.tgz#9cf1611ba62685d7030ae9e4ba34149c3af03fc8"
  dependencies:
    safe-buffer "~5.1.0"

strip-ansi@^3.0.0, strip-ansi@^3.0.1:
  version "3.0.1"
  resolved "http://registry.npm.taobao.org/strip-ansi/download/strip-ansi-3.0.1.tgz#6a385fb8853d952d5ff05d0e8aaf94278dc63dcf"
  dependencies:
    ansi-regex "^2.0.0"

strip-ansi@^4.0.0:
  version "4.0.0"
  resolved "http://registry.npm.taobao.org/strip-ansi/download/strip-ansi-4.0.0.tgz#a8479022eb1ac368a871389b635262c505ee368f"
  dependencies:
    ansi-regex "^3.0.0"

strip-eof@^1.0.0:
  version "1.0.0"
  resolved "http://registry.npm.taobao.org/strip-eof/download/strip-eof-1.0.0.tgz#bb43ff5598a6eb05d89b59fcd129c983313606bf"

strip-json-comments@~2.0.1:
  version "2.0.1"
  resolved "http://registry.npm.taobao.org/strip-json-comments/download/strip-json-comments-2.0.1.tgz#3c531942e908c2697c0ec344858c286c7ca0a60a"

tar-fs@^1.13.0:
  version "1.16.3"
  resolved "http://registry.npm.taobao.org/tar-fs/download/tar-fs-1.16.3.tgz#966a628841da2c4010406a82167cbd5e0c72d509"
  dependencies:
    chownr "^1.0.1"
    mkdirp "^0.5.1"
    pump "^1.0.0"
    tar-stream "^1.1.2"

tar-stream@^1.1.2:
  version "1.6.1"
  resolved "http://registry.npm.taobao.org/tar-stream/download/tar-stream-1.6.1.tgz#f84ef1696269d6223ca48f6e1eeede3f7e81f395"
  dependencies:
    bl "^1.0.0"
    buffer-alloc "^1.1.0"
    end-of-stream "^1.0.0"
    fs-constants "^1.0.0"
    readable-stream "^2.3.0"
    to-buffer "^1.1.0"
    xtend "^4.0.0"

tinycolor2@^1.4.1:
  version "1.4.1"
  resolved "http://registry.npm.taobao.org/tinycolor2/download/tinycolor2-1.4.1.tgz#f4fad333447bc0b07d4dc8e9209d8f39a8ac77e8"

to-buffer@^1.1.0:
  version "1.1.1"
  resolved "http://registry.npm.taobao.org/to-buffer/download/to-buffer-1.1.1.tgz#493bd48f62d7c43fcded313a03dcadb2e1213a80"

trim@0.0.1:
  version "0.0.1"
  resolved "http://registry.npm.taobao.org/trim/download/trim-0.0.1.tgz#5858547f6b290757ee95cccc666fb50084c460dd"

tunnel-agent@^0.6.0:
  version "0.6.0"
  resolved "http://registry.npm.taobao.org/tunnel-agent/download/tunnel-agent-0.6.0.tgz#27a5dea06b36b04a0a9966774b290868f0fc40fd"
  dependencies:
    safe-buffer "^5.0.1"

utif@^2.0.0:
  version "2.0.0"
  resolved "http://registry.npm.taobao.org/utif/download/utif-2.0.0.tgz#417d87db8504fe7d51c07d03ef6be00e6e4aadfc"
  dependencies:
    jpgjs "github:makr28/jpgjs"
    pako "^1.0.5"

util-deprecate@~1.0.1:
  version "1.0.2"
  resolved "http://registry.npm.taobao.org/util-deprecate/download/util-deprecate-1.0.2.tgz#450d4dc9fa70de732762fbd2d4a28981419a0ccf"

which-pm-runs@^1.0.0:
  version "1.0.0"
  resolved "http://registry.npm.taobao.org/which-pm-runs/download/which-pm-runs-1.0.0.tgz#670b3afbc552e0b55df6b7780ca74615f23ad1cb"

which@^1.2.9:
  version "1.3.1"
  resolved "http://registry.npm.taobao.org/which/download/which-1.3.1.tgz#a45043d54f5805316da8d62f9f50918d3da70b0a"
  dependencies:
    isexe "^2.0.0"

wide-align@^1.1.0:
  version "1.1.3"
  resolved "http://registry.npm.taobao.org/wide-align/download/wide-align-1.1.3.tgz#ae074e6bdc0c14a431e804e624549c633b000457"
  dependencies:
    string-width "^1.0.2 || 2"

wrappy@1:
  version "1.0.2"
  resolved "http://registry.npm.taobao.org/wrappy/download/wrappy-1.0.2.tgz#b5243d8f3ec1aa35f1364605bc0d1036e30ab69f"

xhr@^2.0.1:
  version "2.5.0"
  resolved "http://registry.npm.taobao.org/xhr/download/xhr-2.5.0.tgz#bed8d1676d5ca36108667692b74b316c496e49dd"
  dependencies:
    global "~4.3.0"
    is-function "^1.0.1"
    parse-headers "^2.0.0"
    xtend "^4.0.0"

xml-parse-from-string@^1.0.0:
  version "1.0.1"
  resolved "http://registry.npm.taobao.org/xml-parse-from-string/download/xml-parse-from-string-1.0.1.tgz#a9029e929d3dbcded169f3c6e28238d95a5d5a28"

xml2js@^0.4.5:
  version "0.4.19"
  resolved "http://registry.npm.taobao.org/xml2js/download/xml2js-0.4.19.tgz#686c20f213209e94abf0d1bcf1efaa291c7827a7"
  dependencies:
    sax ">=0.6.0"
    xmlbuilder "~9.0.1"

xmlbuilder@~9.0.1:
  version "9.0.7"
  resolved "http://registry.npm.taobao.org/xmlbuilder/download/xmlbuilder-9.0.7.tgz#132ee63d2ec5565c557e20f4c22df9aca686b10d"

xtend@^4.0.0:
  version "4.0.1"
  resolved "http://registry.npm.taobao.org/xtend/download/xtend-4.0.1.tgz#a5c6d532be656e23db820efb943a1f04998d63af"
